
Microsoft Visual Studio Solution File, Format Version 12.00
# Visual Studio Version 16
VisualStudioVersion = 16.0.30611.23
MinimumVisualStudioVersion = 10.0.40219.1
Project("{FAE04EC0-301F-11D3-BF4B-00C04F79EFBC}") = "digital diary", "digital diary.csproj", "{DA24E053-5F12-4BE0-B26A-F84D4202CE3A}"
EndProject
Global
	GlobalSection(SolutionConfigurationPlatforms) = preSolution
		Debug|Any CPU = Debug|Any CPU
		Release|Any CPU = Release|Any CPU
	EndGlobalSection
	GlobalSection(ProjectConfigurationPlatforms) = postSolution
		{DA24E053-5F12-4BE0-B26A-F84D4202CE3A}.Debug|Any CPU.ActiveCfg = Debug|Any CPU
		{DA24E053-5F12-4BE0-B26A-F84D4202CE3A}.Debug|Any CPU.Build.0 = Debug|Any CPU
		{DA24E053-5F12-4BE0-B26A-F84D4202CE3A}.Release|Any CPU.ActiveCfg = Release|Any CPU
		{DA24E053-5F12-4BE0-B26A-F84D4202CE3A}.Release|Any CPU.Build.0 = Release|Any CPU
	EndGlobalSection
	GlobalSection(SolutionProperties) = preSolution
		HideSolutionNode = FALSE
	EndGlobalSection
	GlobalSection(ExtensibilityGlobals) = postSolution
		SolutionGuid = {1305435F-F2A1-45E0-BD46-83407FF495AF}
	EndGlobalSection
EndGlobal
